// !$*UTF8*$!
{
	archiveVersion = 1;
	classes = {
	};
	objectVersion = 50;
	objects = {

/* Begin PBXBuildFile section */
		9E6954E320D62ECC00A30D63 /* DateEventTableViewController.swift in Sources */ = {isa = PBXBuildFile; fileRef = 9E6954E220D62ECC00A30D63 /* DateEventTableViewController.swift */; };
		9E6954E820D62F7300A30D63 /* EventTableViewCell.swift in Sources */ = {isa = PBXBuildFile; fileRef = 9E6954E620D62F7300A30D63 /* EventTableViewCell.swift */; };
		9E6954E920D62F7300A30D63 /* EventTableViewCell.xib in Resources */ = {isa = PBXBuildFile; fileRef = 9E6954E720D62F7300A30D63 /* EventTableViewCell.xib */; };
		9E939A8620D4681500287F6E /* AppDelegate.swift in Sources */ = {isa = PBXBuildFile; fileRef = 9E939A8520D4681500287F6E /* AppDelegate.swift */; };
		9E939A8B20D4681500287F6E /* Main.storyboard in Resources */ = {isa = PBXBuildFile; fileRef = 9E939A8920D4681500287F6E /* Main.storyboard */; };
		9E939A8D20D4681700287F6E /* Assets.xcassets in Resources */ = {isa = PBXBuildFile; fileRef = 9E939A8C20D4681700287F6E /* Assets.xcassets */; };
		9E939A9020D4681700287F6E /* LaunchScreen.storyboard in Resources */ = {isa = PBXBuildFile; fileRef = 9E939A8E20D4681700287F6E /* LaunchScreen.storyboard */; };
		9E939A9B20D4681700287F6E /* CalendarFrontEndTests.swift in Sources */ = {isa = PBXBuildFile; fileRef = 9E939A9A20D4681700287F6E /* CalendarFrontEndTests.swift */; };
		9E939AAA20D468AE00287F6E /* Month.swift in Sources */ = {isa = PBXBuildFile; fileRef = 9E939AA920D468AE00287F6E /* Month.swift */; };
		9E939AAC20D468B600287F6E /* DateEntry.swift in Sources */ = {isa = PBXBuildFile; fileRef = 9E939AAB20D468B600287F6E /* DateEntry.swift */; };
		9E939AAE20D46A4B00287F6E /* Event.swift in Sources */ = {isa = PBXBuildFile; fileRef = 9E939AAD20D46A4B00287F6E /* Event.swift */; };
		9EFA787B20D4CE0D0080D716 /* CalendarViewController.swift in Sources */ = {isa = PBXBuildFile; fileRef = 9EFA787A20D4CE0D0080D716 /* CalendarViewController.swift */; };
		9EFA787F20D4D7700080D716 /* DateManager.swift in Sources */ = {isa = PBXBuildFile; fileRef = 9EFA787E20D4D7700080D716 /* DateManager.swift */; };
		9EFA788220D4E98C0080D716 /* DateCollectionViewCell.swift in Sources */ = {isa = PBXBuildFile; fileRef = 9EFA788120D4E98C0080D716 /* DateCollectionViewCell.swift */; };
		9EFA788520D508800080D716 /* ScreenRotation.swift in Sources */ = {isa = PBXBuildFile; fileRef = 9EFA788420D508800080D716 /* ScreenRotation.swift */; };
/* End PBXBuildFile section */

/* Begin PBXContainerItemProxy section */
		9E939A9720D4681700287F6E /* PBXContainerItemProxy */ = {
			isa = PBXContainerItemProxy;
			containerPortal = 9E939A7A20D4681500287F6E /* Project object */;
			proxyType = 1;
			remoteGlobalIDString = 9E939A8120D4681500287F6E;
			remoteInfo = CalendarFrontEnd;
		};
/* End PBXContainerItemProxy section */

/* Begin PBXFileReference section */
		9E6954E220D62ECC00A30D63 /* DateEventTableViewController.swift */ = {isa = PBXFileReference; lastKnownFileType = sourcecode.swift; path = DateEventTableViewController.swift; sourceTree = "<group>"; };
		9E6954E620D62F7300A30D63 /* EventTableViewCell.swift */ = {isa = PBXFileReference; lastKnownFileType = sourcecode.swift; path = EventTableViewCell.swift; sourceTree = "<group>"; };
		9E6954E720D62F7300A30D63 /* EventTableViewCell.xib */ = {isa = PBXFileReference; lastKnownFileType = file.xib; path = EventTableViewCell.xib; sourceTree = "<group>"; };
		9E939A8220D4681500287F6E /* CalendarFrontEnd.app */ = {isa = PBXFileReference; explicitFileType = wrapper.application; includeInIndex = 0; path = CalendarFrontEnd.app; sourceTree = BUILT_PRODUCTS_DIR; };
		9E939A8520D4681500287F6E /* AppDelegate.swift */ = {isa = PBXFileReference; lastKnownFileType = sourcecode.swift; path = AppDelegate.swift; sourceTree = "<group>"; };
		9E939A8A20D4681500287F6E /* Base */ = {isa = PBXFileReference; lastKnownFileType = file.storyboard; name = Base; path = Base.lproj/Main.storyboard; sourceTree = "<group>"; };
		9E939A8C20D4681700287F6E /* Assets.xcassets */ = {isa = PBXFileReference; lastKnownFileType = folder.assetcatalog; path = Assets.xcassets; sourceTree = "<group>"; };
		9E939A8F20D4681700287F6E /* Base */ = {isa = PBXFileReference; lastKnownFileType = file.storyboard; name = Base; path = Base.lproj/LaunchScreen.storyboard; sourceTree = "<group>"; };
		9E939A9120D4681700287F6E /* Info.plist */ = {isa = PBXFileReference; lastKnownFileType = text.plist.xml; path = Info.plist; sourceTree = "<group>"; };
		9E939A9620D4681700287F6E /* CalendarFrontEndTests.xctest */ = {isa = PBXFileReference; explicitFileType = wrapper.cfbundle; includeInIndex = 0; path = CalendarFrontEndTests.xctest; sourceTree = BUILT_PRODUCTS_DIR; };
		9E939A9A20D4681700287F6E /* CalendarFrontEndTests.swift */ = {isa = PBXFileReference; lastKnownFileType = sourcecode.swift; path = CalendarFrontEndTests.swift; sourceTree = "<group>"; };
		9E939A9C20D4681700287F6E /* Info.plist */ = {isa = PBXFileReference; lastKnownFileType = text.plist.xml; path = Info.plist; sourceTree = "<group>"; };
		9E939AA920D468AE00287F6E /* Month.swift */ = {isa = PBXFileReference; lastKnownFileType = sourcecode.swift; path = Month.swift; sourceTree = "<group>"; };
		9E939AAB20D468B600287F6E /* DateEntry.swift */ = {isa = PBXFileReference; lastKnownFileType = sourcecode.swift; path = DateEntry.swift; sourceTree = "<group>"; };
		9E939AAD20D46A4B00287F6E /* Event.swift */ = {isa = PBXFileReference; lastKnownFileType = sourcecode.swift; path = Event.swift; sourceTree = "<group>"; };
		9EFA787A20D4CE0D0080D716 /* CalendarViewController.swift */ = {isa = PBXFileReference; lastKnownFileType = sourcecode.swift; path = CalendarViewController.swift; sourceTree = "<group>"; };
		9EFA787E20D4D7700080D716 /* DateManager.swift */ = {isa = PBXFileReference; lastKnownFileType = sourcecode.swift; path = DateManager.swift; sourceTree = "<group>"; };
		9EFA788120D4E98C0080D716 /* DateCollectionViewCell.swift */ = {isa = PBXFileReference; lastKnownFileType = sourcecode.swift; path = DateCollectionViewCell.swift; sourceTree = "<group>"; };
		9EFA788420D508800080D716 /* ScreenRotation.swift */ = {isa = PBXFileReference; lastKnownFileType = sourcecode.swift; path = ScreenRotation.swift; sourceTree = "<group>"; };
/* End PBXFileReference section */

/* Begin PBXFrameworksBuildPhase section */
		9E939A7F20D4681500287F6E /* Frameworks */ = {
			isa = PBXFrameworksBuildPhase;
			buildActionMask = 2147483647;
			files = (
			);
			runOnlyForDeploymentPostprocessing = 0;
		};
		9E939A9320D4681700287F6E /* Frameworks */ = {
			isa = PBXFrameworksBuildPhase;
			buildActionMask = 2147483647;
			files = (
			);
			runOnlyForDeploymentPostprocessing = 0;
		};
/* End PBXFrameworksBuildPhase section */

/* Begin PBXGroup section */
		9E939A7920D4681500287F6E = {
			isa = PBXGroup;
			children = (
				9E939A8420D4681500287F6E /* CalendarFrontEnd */,
				9E939A9920D4681700287F6E /* CalendarFrontEndTests */,
				9E939A8320D4681500287F6E /* Products */,
			);
			sourceTree = "<group>";
		};
		9E939A8320D4681500287F6E /* Products */ = {
			isa = PBXGroup;
			children = (
				9E939A8220D4681500287F6E /* CalendarFrontEnd.app */,
				9E939A9620D4681700287F6E /* CalendarFrontEndTests.xctest */,
			);
			name = Products;
			sourceTree = "<group>";
		};
		9E939A8420D4681500287F6E /* CalendarFrontEnd */ = {
			isa = PBXGroup;
			children = (
				9EFA788320D5086F0080D716 /* Enums */,
				9E939AB020D46AB200287F6E /* Managers */,
				9E939AA520D4686900287F6E /* Models */,
				9E939AA720D4688300287F6E /* Storyboards */,
				9E939AA620D4687100287F6E /* Supporting Files */,
				9E939AA820D4689100287F6E /* ViewControllers */,
				9E939AAF20D46AA700287F6E /* Views */,
			);
			path = CalendarFrontEnd;
			sourceTree = "<group>";
		};
		9E939A9920D4681700287F6E /* CalendarFrontEndTests */ = {
			isa = PBXGroup;
			children = (
				9E939A9A20D4681700287F6E /* CalendarFrontEndTests.swift */,
				9E939A9C20D4681700287F6E /* Info.plist */,
			);
			path = CalendarFrontEndTests;
			sourceTree = "<group>";
		};
		9E939AA520D4686900287F6E /* Models */ = {
			isa = PBXGroup;
			children = (
				9E939AAB20D468B600287F6E /* DateEntry.swift */,
				9E939AAD20D46A4B00287F6E /* Event.swift */,
				9E939AA920D468AE00287F6E /* Month.swift */,
			);
			path = Models;
			sourceTree = "<group>";
		};
		9E939AA620D4687100287F6E /* Supporting Files */ = {
			isa = PBXGroup;
			children = (
				9E939A8520D4681500287F6E /* AppDelegate.swift */,
				9E939A8C20D4681700287F6E /* Assets.xcassets */,
				9E939A9120D4681700287F6E /* Info.plist */,
			);
			path = "Supporting Files";
			sourceTree = "<group>";
		};
		9E939AA720D4688300287F6E /* Storyboards */ = {
			isa = PBXGroup;
			children = (
				9E939A8920D4681500287F6E /* Main.storyboard */,
				9E939A8E20D4681700287F6E /* LaunchScreen.storyboard */,
			);
			path = Storyboards;
			sourceTree = "<group>";
		};
		9E939AA820D4689100287F6E /* ViewControllers */ = {
			isa = PBXGroup;
			children = (
				9EFA787A20D4CE0D0080D716 /* CalendarViewController.swift */,
				9E6954E220D62ECC00A30D63 /* DateEventTableViewController.swift */,
			);
			path = ViewControllers;
			sourceTree = "<group>";
		};
		9E939AAF20D46AA700287F6E /* Views */ = {
			isa = PBXGroup;
			children = (
				9EFA788120D4E98C0080D716 /* DateCollectionViewCell.swift */,
				9E6954E620D62F7300A30D63 /* EventTableViewCell.swift */,
				9E6954E720D62F7300A30D63 /* EventTableViewCell.xib */,
			);
			path = Views;
			sourceTree = "<group>";
		};
		9E939AB020D46AB200287F6E /* Managers */ = {
			isa = PBXGroup;
			children = (
				9EFA787E20D4D7700080D716 /* DateManager.swift */,
			);
			path = Managers;
			sourceTree = "<group>";
		};
		9EFA788320D5086F0080D716 /* Enums */ = {
			isa = PBXGroup;
			children = (
				9EFA788420D508800080D716 /* ScreenRotation.swift */,
			);
			path = Enums;
			sourceTree = "<group>";
		};
/* End PBXGroup section */

/* Begin PBXNativeTarget section */
		9E939A8120D4681500287F6E /* CalendarFrontEnd */ = {
			isa = PBXNativeTarget;
			buildConfigurationList = 9E939A9F20D4681700287F6E /* Build configuration list for PBXNativeTarget "CalendarFrontEnd" */;
			buildPhases = (
				9E939A7E20D4681500287F6E /* Sources */,
				9E939A7F20D4681500287F6E /* Frameworks */,
				9E939A8020D4681500287F6E /* Resources */,
			);
			buildRules = (
			);
			dependencies = (
			);
			name = CalendarFrontEnd;
			productName = CalendarFrontEnd;
			productReference = 9E939A8220D4681500287F6E /* CalendarFrontEnd.app */;
			productType = "com.apple.product-type.application";
		};
		9E939A9520D4681700287F6E /* CalendarFrontEndTests */ = {
			isa = PBXNativeTarget;
			buildConfigurationList = 9E939AA220D4681700287F6E /* Build configuration list for PBXNativeTarget "CalendarFrontEndTests" */;
			buildPhases = (
				9E939A9220D4681700287F6E /* Sources */,
				9E939A9320D4681700287F6E /* Frameworks */,
				9E939A9420D4681700287F6E /* Resources */,
			);
			buildRules = (
			);
			dependencies = (
				9E939A9820D4681700287F6E /* PBXTargetDependency */,
			);
			name = CalendarFrontEndTests;
			productName = CalendarFrontEndTests;
			productReference = 9E939A9620D4681700287F6E /* CalendarFrontEndTests.xctest */;
			productType = "com.apple.product-type.bundle.unit-test";
		};
/* End PBXNativeTarget section */

/* Begin PBXProject section */
		9E939A7A20D4681500287F6E /* Project object */ = {
			isa = PBXProject;
			attributes = {
				LastSwiftUpdateCheck = 0940;
				LastUpgradeCheck = 0940;
				ORGANIZATIONNAME = "Victor Zhong";
				TargetAttributes = {
					9E939A8120D4681500287F6E = {
						CreatedOnToolsVersion = 9.4;
					};
					9E939A9520D4681700287F6E = {
						CreatedOnToolsVersion = 9.4;
						TestTargetID = 9E939A8120D4681500287F6E;
					};
				};
			};
			buildConfigurationList = 9E939A7D20D4681500287F6E /* Build configuration list for PBXProject "CalendarFrontEnd" */;
			compatibilityVersion = "Xcode 9.3";
			developmentRegion = en;
			hasScannedForEncodings = 0;
			knownRegions = (
				en,
				Base,
			);
			mainGroup = 9E939A7920D4681500287F6E;
			productRefGroup = 9E939A8320D4681500287F6E /* Products */;
			projectDirPath = "";
			projectRoot = "";
			targets = (
				9E939A8120D4681500287F6E /* CalendarFrontEnd */,
				9E939A9520D4681700287F6E /* CalendarFrontEndTests */,
			);
		};
/* End PBXProject section */

/* Begin PBXResourcesBuildPhase section */
		9E939A8020D4681500287F6E /* Resources */ = {
			isa = PBXResourcesBuildPhase;
			buildActionMask = 2147483647;
			files = (
				9E6954E920D62F7300A30D63 /* EventTableViewCell.xib in Resources */,
				9E939A9020D4681700287F6E /* LaunchScreen.storyboard in Resources */,
				9E939A8D20D4681700287F6E /* Assets.xcassets in Resources */,
				9E939A8B20D4681500287F6E /* Main.storyboard in Resources */,
			);
			runOnlyForDeploymentPostprocessing = 0;
		};
		9E939A9420D4681700287F6E /* Resources */ = {
			isa = PBXResourcesBuildPhase;
			buildActionMask = 2147483647;
			files = (
			);
			runOnlyForDeploymentPostprocessing = 0;
		};
/* End PBXResourcesBuildPhase section */

/* Begin PBXSourcesBuildPhase section */
		9E939A7E20D4681500287F6E /* Sources */ = {
			isa = PBXSourcesBuildPhase;
			buildActionMask = 2147483647;
			files = (
				9EFA787B20D4CE0D0080D716 /* CalendarViewController.swift in Sources */,
				9EFA787F20D4D7700080D716 /* DateManager.swift in Sources */,
				9E939A8620D4681500287F6E /* AppDelegate.swift in Sources */,
				9E939AAA20D468AE00287F6E /* Month.swift in Sources */,
				9E939AAC20D468B600287F6E /* DateEntry.swift in Sources */,
				9E939AAE20D46A4B00287F6E /* Event.swift in Sources */,
				9EFA788220D4E98C0080D716 /* DateCollectionViewCell.swift in Sources */,
				9EFA788520D508800080D716 /* ScreenRotation.swift in Sources */,
				9E6954E820D62F7300A30D63 /* EventTableViewCell.swift in Sources */,
				9E6954E320D62ECC00A30D63 /* DateEventTableViewController.swift in Sources */,
			);
			runOnlyForDeploymentPostprocessing = 0;
		};
		9E939A9220D4681700287F6E /* Sources */ = {
			isa = PBXSourcesBuildPhase;
			buildActionMask = 2147483647;
			files = (
				9E939A9B20D4681700287F6E /* CalendarFrontEndTests.swift in Sources */,
			);
			runOnlyForDeploymentPostprocessing = 0;
		};
/* End PBXSourcesBuildPhase section */

/* Begin PBXTargetDependency section */
		9E939A9820D4681700287F6E /* PBXTargetDependency */ = {
			isa = PBXTargetDependency;
			target = 9E939A8120D4681500287F6E /* CalendarFrontEnd */;
			targetProxy = 9E939A9720D4681700287F6E /* PBXContainerItemProxy */;
		};
/* End PBXTargetDependency section */

/* Begin PBXVariantGroup section */
		9E939A8920D4681500287F6E /* Main.storyboard */ = {
			isa = PBXVariantGroup;
			children = (
				9E939A8A20D4681500287F6E /* Base */,
			);
			name = Main.storyboard;
			sourceTree = "<group>";
		};
		9E939A8E20D4681700287F6E /* LaunchScreen.storyboard */ = {
			isa = PBXVariantGroup;
			children = (
				9E939A8F20D4681700287F6E /* Base */,
			);
			name = LaunchScreen.storyboard;
			sourceTree = "<group>";
		};
/* End PBXVariantGroup section */

/* Begin XCBuildConfiguration section */
		9E939A9D20D4681700287F6E /* Debug */ = {
			isa = XCBuildConfiguration;
			buildSettings = {
				ALWAYS_SEARCH_USER_PATHS = NO;
				CLANG_ANALYZER_NONNULL = YES;
				CLANG_ANALYZER_NUMBER_OBJECT_CONVERSION = YES_AGGRESSIVE;
				CLANG_CXX_LANGUAGE_STANDARD = "gnu++14";
				CLANG_CXX_LIBRARY = "libc++";
				CLANG_ENABLE_MODULES = YES;
				CLANG_ENABLE_OBJC_ARC = YES;
				CLANG_ENABLE_OBJC_WEAK = YES;
				CLANG_WARN_BLOCK_CAPTURE_AUTORELEASING = YES;
				CLANG_WARN_BOOL_CONVERSION = YES;
				CLANG_WARN_COMMA = YES;
				CLANG_WARN_CONSTANT_CONVERSION = YES;
				CLANG_WARN_DEPRECATED_OBJC_IMPLEMENTATIONS = YES;
				CLANG_WARN_DIRECT_OBJC_ISA_USAGE = YES_ERROR;
				CLANG_WARN_DOCUMENTATION_COMMENTS = YES;
				CLANG_WARN_EMPTY_BODY = YES;
				CLANG_WARN_ENUM_CONVERSION = YES;
				CLANG_WARN_INFINITE_RECURSION = YES;
				CLANG_WARN_INT_CONVERSION = YES;
				CLANG_WARN_NON_LITERAL_NULL_CONVERSION = YES;
				CLANG_WARN_OBJC_IMPLICIT_RETAIN_SELF = YES;
				CLANG_WARN_OBJC_LITERAL_CONVERSION = YES;
				CLANG_WARN_OBJC_ROOT_CLASS = YES_ERROR;
				CLANG_WARN_RANGE_LOOP_ANALYSIS = YES;
				CLANG_WARN_STRICT_PROTOTYPES = YES;
				CLANG_WARN_SUSPICIOUS_MOVE = YES;
				CLANG_WARN_UNGUARDED_AVAILABILITY = YES_AGGRESSIVE;
				CLANG_WARN_UNREACHABLE_CODE = YES;
				CLANG_WARN__DUPLICATE_METHOD_MATCH = YES;
				CODE_SIGN_IDENTITY = "iPhone Developer";
				COPY_PHASE_STRIP = NO;
				DEBUG_INFORMATION_FORMAT = dwarf;
				ENABLE_STRICT_OBJC_MSGSEND = YES;
				ENABLE_TESTABILITY = YES;
				GCC_C_LANGUAGE_STANDARD = gnu11;
				GCC_DYNAMIC_NO_PIC = NO;
				GCC_NO_COMMON_BLOCKS = YES;
				GCC_OPTIMIZATION_LEVEL = 0;
				GCC_PREPROCESSOR_DEFINITIONS = (
					"DEBUG=1",
					"$(inherited)",
				);
				GCC_WARN_64_TO_32_BIT_CONVERSION = YES;
				GCC_WARN_ABOUT_RETURN_TYPE = YES_ERROR;
				GCC_WARN_UNDECLARED_SELECTOR = YES;
				GCC_WARN_UNINITIALIZED_AUTOS = YES_AGGRESSIVE;
				GCC_WARN_UNUSED_FUNCTION = YES;
				GCC_WARN_UNUSED_VARIABLE = YES;
				IPHONEOS_DEPLOYMENT_TARGET = 11.4;
				MTL_ENABLE_DEBUG_INFO = YES;
				ONLY_ACTIVE_ARCH = YES;
				SDKROOT = iphoneos;
				SWIFT_ACTIVE_COMPILATION_CONDITIONS = DEBUG;
				SWIFT_OPTIMIZATION_LEVEL = "-Onone";
			};
			name = Debug;
		};
		9E939A9E20D4681700287F6E /* Release */ = {
			isa = XCBuildConfiguration;
			buildSettings = {
				ALWAYS_SEARCH_USER_PATHS = NO;
				CLANG_ANALYZER_NONNULL = YES;
				CLANG_ANALYZER_NUMBER_OBJECT_CONVERSION = YES_AGGRESSIVE;
				CLANG_CXX_LANGUAGE_STANDARD = "gnu++14";
				CLANG_CXX_LIBRARY = "libc++";
				CLANG_ENABLE_MODULES = YES;
				CLANG_ENABLE_OBJC_ARC = YES;
				CLANG_ENABLE_OBJC_WEAK = YES;
				CLANG_WARN_BLOCK_CAPTURE_AUTORELEASING = YES;
				CLANG_WARN_BOOL_CONVERSION = YES;
				CLANG_WARN_COMMA = YES;
				CLANG_WARN_CONSTANT_CONVERSION = YES;
				CLANG_WARN_DEPRECATED_OBJC_IMPLEMENTATIONS = YES;
				CLANG_WARN_DIRECT_OBJC_ISA_USAGE = YES_ERROR;
				CLANG_WARN_DOCUMENTATION_COMMENTS = YES;
				CLANG_WARN_EMPTY_BODY = YES;
				CLANG_WARN_ENUM_CONVERSION = YES;
				CLANG_WARN_INFINITE_RECURSION = YES;
				CLANG_WARN_INT_CONVERSION = YES;
				CLANG_WARN_NON_LITERAL_NULL_CONVERSION = YES;
				CLANG_WARN_OBJC_IMPLICIT_RETAIN_SELF = YES;
				CLANG_WARN_OBJC_LITERAL_CONVERSION = YES;
				CLANG_WARN_OBJC_ROOT_CLASS = YES_ERROR;
				CLANG_WARN_RANGE_LOOP_ANALYSIS = YES;
				CLANG_WARN_STRICT_PROTOTYPES = YES;
				CLANG_WARN_SUSPICIOUS_MOVE = YES;
				CLANG_WARN_UNGUARDED_AVAILABILITY = YES_AGGRESSIVE;
				CLANG_WARN_UNREACHABLE_CODE = YES;
				CLANG_WARN__DUPLICATE_METHOD_MATCH = YES;
				CODE_SIGN_IDENTITY = "iPhone Developer";
				COPY_PHASE_STRIP = NO;
				DEBUG_INFORMATION_FORMAT = "dwarf-with-dsym";
				ENABLE_NS_ASSERTIONS = NO;
				ENABLE_STRICT_OBJC_MSGSEND = YES;
				GCC_C_LANGUAGE_STANDARD = gnu11;
				GCC_NO_COMMON_BLOCKS = YES;
				GCC_WARN_64_TO_32_BIT_CONVERSION = YES;
				GCC_WARN_ABOUT_RETURN_TYPE = YES_ERROR;
				GCC_WARN_UNDECLARED_SELECTOR = YES;
				GCC_WARN_UNINITIALIZED_AUTOS = YES_AGGRESSIVE;
				GCC_WARN_UNUSED_FUNCTION = YES;
				GCC_WARN_UNUSED_VARIABLE = YES;
				IPHONEOS_DEPLOYMENT_TARGET = 11.4;
				MTL_ENABLE_DEBUG_INFO = NO;
				SDKROOT = iphoneos;
				SWIFT_COMPILATION_MODE = wholemodule;
				SWIFT_OPTIMIZATION_LEVEL = "-O";
				VALIDATE_PRODUCT = YES;
			};
			name = Release;
		};
		9E939AA020D4681700287F6E /* Debug */ = {
			isa = XCBuildConfiguration;
			buildSettings = {
				ASSETCATALOG_COMPILER_APPICON_NAME = AppIcon;
				CODE_SIGN_STYLE = Automatic;
				DEVELOPMENT_TEAM = RKDEZ4QK32;
				INFOPLIST_FILE = "$(SRCROOT)/CalendarFrontEnd/Supporting Files/Info.plist";
				LD_RUNPATH_SEARCH_PATHS = (
					"$(inherited)",
					"@executable_path/Frameworks",
				);
				PRODUCT_BUNDLE_IDENTIFIER = com.viczhong.CalendarFrontEnd;
				PRODUCT_NAME = "$(TARGET_NAME)";
				SWIFT_VERSION = 4.0;
				TARGETED_DEVICE_FAMILY = "1,2";
			};
			name = Debug;
		};
		9E939AA120D4681700287F6E /* Release */ = {
			isa = XCBuildConfiguration;
			buildSettings = {
				ASSETCATALOG_COMPILER_APPICON_NAME = AppIcon;
				CODE_SIGN_STYLE = Automatic;
				DEVELOPMENT_TEAM = RKDEZ4QK32;
				INFOPLIST_FILE = "$(SRCROOT)/CalendarFrontEnd/Supporting Files/Info.plist";
				LD_RUNPATH_SEARCH_PATHS = (
					"$(inherited)",
					"@executable_path/Frameworks",
				);
				PRODUCT_BUNDLE_IDENTIFIER = com.viczhong.CalendarFrontEnd;
				PRODUCT_NAME = "$(TARGET_NAME)";
				SWIFT_VERSION = 4.0;
				TARGETED_DEVICE_FAMILY = "1,2";
			};
			name = Release;
		};
		9E939AA320D4681700287F6E /* Debug */ = {
			isa = XCBuildConfiguration;
			buildSettings = {
				ALWAYS_EMBED_SWIFT_STANDARD_LIBRARIES = YES;
				BUNDLE_LOADER = "$(TEST_HOST)";
				CODE_SIGN_STYLE = Automatic;
				DEVELOPMENT_TEAM = RKDEZ4QK32;
				INFOPLIST_FILE = CalendarFrontEndTests/Info.plist;
				LD_RUNPATH_SEARCH_PATHS = (
					"$(inherited)",
					"@executable_path/Frameworks",
					"@loader_path/Frameworks",
				);
				PRODUCT_BUNDLE_IDENTIFIER = com.viczhong.CalendarFrontEndTests;
				PRODUCT_NAME = "$(TARGET_NAME)";
				SWIFT_VERSION = 4.0;
				TARGETED_DEVICE_FAMILY = "1,2";
				TEST_HOST = "$(BUILT_PRODUCTS_DIR)/CalendarFrontEnd.app/CalendarFrontEnd";
			};
			name = Debug;
		};
		9E939AA420D4681700287F6E /* Release */ = {
			isa = XCBuildConfiguration;
			buildSettings = {
				ALWAYS_EMBED_SWIFT_STANDARD_LIBRARIES = YES;
				BUNDLE_LOADER = "$(TEST_HOST)";
				CODE_SIGN_STYLE = Automatic;
				DEVELOPMENT_TEAM = RKDEZ4QK32;
				INFOPLIST_FILE = CalendarFrontEndTests/Info.plist;
				LD_RUNPATH_SEARCH_PATHS = (
					"$(inherited)",
					"@executable_path/Frameworks",
					"@loader_path/Frameworks",
				);
				PRODUCT_BUNDLE_IDENTIFIER = com.viczhong.CalendarFrontEndTests;
				PRODUCT_NAME = "$(TARGET_NAME)";
				SWIFT_VERSION = 4.0;
				TARGETED_DEVICE_FAMILY = "1,2";
				TEST_HOST = "$(BUILT_PRODUCTS_DIR)/CalendarFrontEnd.app/CalendarFrontEnd";
			};
			name = Release;
		};
/* End XCBuildConfiguration section */

/* Begin XCConfigurationList section */
		9E939A7D20D4681500287F6E /* Build configuration list for PBXProject "CalendarFrontEnd" */ = {
			isa = XCConfigurationList;
			buildConfigurations = (
				9E939A9D20D4681700287F6E /* Debug */,
				9E939A9E20D4681700287F6E /* Release */,
			);
			defaultConfigurationIsVisible = 0;
			defaultConfigurationName = Release;
		};
		9E939A9F20D4681700287F6E /* Build configuration list for PBXNativeTarget "CalendarFrontEnd" */ = {
			isa = XCConfigurationList;
			buildConfigurations = (
				9E939AA020D4681700287F6E /* Debug */,
				9E939AA120D4681700287F6E /* Release */,
			);
			defaultConfigurationIsVisible = 0;
			defaultConfigurationName = Release;
		};
		9E939AA220D4681700287F6E /* Build configuration list for PBXNativeTarget "CalendarFrontEndTests" */ = {
			isa = XCConfigurationList;
			buildConfigurations = (
				9E939AA320D4681700287F6E /* Debug */,
				9E939AA420D4681700287F6E /* Release */,
			);
			defaultConfigurationIsVisible = 0;
			defaultConfigurationName = Release;
		};
/* End XCConfigurationList section */
	};
	rootObject = 9E939A7A20D4681500287F6E /* Project object */;
}
